// !$*UTF8*$!
{
	archiveVersion = 1;
	classes = {
	};
	objectVersion = 56;
	objects = {

/* Begin PBXBuildFile section */
		A10000000000000000000001 /* LaReservaApp.swift in Sources */ = {isa = PBXBuildFile; fileRef = A20000000000000000000001 /* LaReservaApp.swift */; };
		A10000000000000000000002 /* ContentView.swift in Sources */ = {isa = PBXBuildFile; fileRef = A20000000000000000000002 /* ContentView.swift */; };
		A10000000000000000000003 /* HomeView.swift in Sources */ = {isa = PBXBuildFile; fileRef = A20000000000000000000003 /* HomeView.swift */; };
		A10000000000000000000004 /* POSView.swift in Sources */ = {isa = PBXBuildFile; fileRef = A20000000000000000000004 /* POSView.swift */; };
		A10000000000000000000005 /* InventoryView.swift in Sources */ = {isa = PBXBuildFile; fileRef = A20000000000000000000005 /* InventoryView.swift */; };
		A10000000000000000000006 /* SalesHistoryView.swift in Sources */ = {isa = PBXBuildFile; fileRef = A20000000000000000000006 /* SalesHistoryView.swift */; };
		A10000000000000000000007 /* PurchasesView.swift in Sources */ = {isa = PBXBuildFile; fileRef = A20000000000000000000007 /* PurchasesView.swift */; };
		A10000000000000000000008 /* ProvidersView.swift in Sources */ = {isa = PBXBuildFile; fileRef = A20000000000000000000008 /* ProvidersView.swift */; };
		A10000000000000000000009 /* CustomersView.swift in Sources */ = {isa = PBXBuildFile; fileRef = A20000000000000000000009 /* CustomersView.swift */; };
		A1000000000000000000000A /* ReportsView.swift in Sources */ = {isa = PBXBuildFile; fileRef = A2000000000000000000000A /* ReportsView.swift */; };
		A1000000000000000000000B /* SettingsView.swift in Sources */ = {isa = PBXBuildFile; fileRef = A2000000000000000000000B /* SettingsView.swift */; };
		A1000000000000000000000C /* ProductCard.swift in Sources */ = {isa = PBXBuildFile; fileRef = A2000000000000000000000C /* ProductCard.swift */; };
		A1000000000000000000000D /* SaleItemRow.swift in Sources */ = {isa = PBXBuildFile; fileRef = A2000000000000000000000D /* SaleItemRow.swift */; };
		A1000000000000000000000E /* StatCard.swift in Sources */ = {isa = PBXBuildFile; fileRef = A2000000000000000000000E /* StatCard.swift */; };
		A1000000000000000000000F /* Product.swift in Sources */ = {isa = PBXBuildFile; fileRef = A2000000000000000000000F /* Product.swift */; };
		A10000000000000000000010 /* Sale.swift in Sources */ = {isa = PBXBuildFile; fileRef = A20000000000000000000010 /* Sale.swift */; };
		A10000000000000000000011 /* Purchase.swift in Sources */ = {isa = PBXBuildFile; fileRef = A20000000000000000000011 /* Purchase.swift */; };
		A10000000000000000000012 /* Customer.swift in Sources */ = {isa = PBXBuildFile; fileRef = A20000000000000000000012 /* Customer.swift */; };
		A10000000000000000000013 /* Provider.swift in Sources */ = {isa = PBXBuildFile; fileRef = A20000000000000000000013 /* Provider.swift */; };
		A10000000000000000000014 /* InventoryMovement.swift in Sources */ = {isa = PBXBuildFile; fileRef = A20000000000000000000014 /* InventoryMovement.swift */; };
		A10000000000000000000015 /* FirebaseService.swift in Sources */ = {isa = PBXBuildFile; fileRef = A20000000000000000000015 /* FirebaseService.swift */; };
		A10000000000000000000016 /* LocalDatabase.swift in Sources */ = {isa = PBXBuildFile; fileRef = A20000000000000000000016 /* LocalDatabase.swift */; };
		A10000000000000000000017 /* Constants.swift in Sources */ = {isa = PBXBuildFile; fileRef = A20000000000000000000017 /* Constants.swift */; };
		A10000000000000000000018 /* Helpers.swift in Sources */ = {isa = PBXBuildFile; fileRef = A20000000000000000000018 /* Helpers.swift */; };
		A1000000000000000000001D /* CashWithdrawal.swift in Sources */ = {isa = PBXBuildFile; fileRef = A2000000000000000000001D /* CashWithdrawal.swift */; };
		A1000000000000000000001E /* Closing.swift in Sources */ = {isa = PBXBuildFile; fileRef = A2000000000000000000001E /* Closing.swift */; };
		A1000000000000000000001F /* CustomerTransaction.swift in Sources */ = {isa = PBXBuildFile; fileRef = A2000000000000000000001F /* CustomerTransaction.swift */; };
		A10000000000000000000020 /* Withdrawal.swift in Sources */ = {isa = PBXBuildFile; fileRef = A20000000000000000000020 /* Withdrawal.swift */; };
		A10000000000000000000021 /* AppColors.swift in Sources */ = {isa = PBXBuildFile; fileRef = A20000000000000000000021 /* AppColors.swift */; };
		A10000000000000000000022 /* AccountingView.swift in Sources */ = {isa = PBXBuildFile; fileRef = A20000000000000000000022 /* AccountingView.swift */; };
		A10000000000000000000023 /* MovementsView.swift in Sources */ = {isa = PBXBuildFile; fileRef = A20000000000000000000023 /* MovementsView.swift */; };
		A10000000000000000000024 /* ReturnsView.swift in Sources */ = {isa = PBXBuildFile; fileRef = A20000000000000000000024 /* ReturnsView.swift */; };
		A10000000000000000000025 /* AnimatedBackground.swift in Sources */ = {isa = PBXBuildFile; fileRef = A20000000000000000000025 /* AnimatedBackground.swift */; };
		A10000000000000000000026 /* BarcodeScannerView.swift in Sources */ = {isa = PBXBuildFile; fileRef = A20000000000000000000026 /* BarcodeScannerView.swift */; };
		A10000000000000000000027 /* CashWithdrawalsView.swift in Sources */ = {isa = PBXBuildFile; fileRef = A20000000000000000000027 /* CashWithdrawalsView.swift */; };
		A10000000000000000000028 /* OwnConsumptionsView.swift in Sources */ = {isa = PBXBuildFile; fileRef = A20000000000000000000028 /* OwnConsumptionsView.swift */; };
		A10000000000000000000019 /* Assets.xcassets in Resources */ = {isa = PBXBuildFile; fileRef = A20000000000000000000019 /* Assets.xcassets */; };
		A1000000000000000000001A /* GoogleService-Info.plist in Resources */ = {isa = PBXBuildFile; fileRef = A2000000000000000000001A /* GoogleService-Info.plist */; };
		A10000000000000000000029 /* EditSaleView.swift in Sources */ = {isa = PBXBuildFile; fileRef = A20000000000000000000029 /* EditSaleView.swift */; };
/* End PBXBuildFile section */

/* Begin PBXFileReference section */
		A20000000000000000000001 /* LaReservaApp.swift */ = {isa = PBXFileReference; lastKnownFileType = sourcecode.swift; path = LaReservaApp.swift; sourceTree = "<group>"; };
		A20000000000000000000002 /* ContentView.swift */ = {isa = PBXFileReference; lastKnownFileType = sourcecode.swift; path = ContentView.swift; sourceTree = "<group>"; };
		A20000000000000000000003 /* HomeView.swift */ = {isa = PBXFileReference; lastKnownFileType = sourcecode.swift; path = HomeView.swift; sourceTree = "<group>"; };
		A20000000000000000000004 /* POSView.swift */ = {isa = PBXFileReference; lastKnownFileType = sourcecode.swift; path = POSView.swift; sourceTree = "<group>"; };
		A20000000000000000000005 /* InventoryView.swift */ = {isa = PBXFileReference; lastKnownFileType = sourcecode.swift; path = InventoryView.swift; sourceTree = "<group>"; };
		A20000000000000000000006 /* SalesHistoryView.swift */ = {isa = PBXFileReference; lastKnownFileType = sourcecode.swift; path = SalesHistoryView.swift; sourceTree = "<group>"; };
		A20000000000000000000007 /* PurchasesView.swift */ = {isa = PBXFileReference; lastKnownFileType = sourcecode.swift; path = PurchasesView.swift; sourceTree = "<group>"; };
		A20000000000000000000008 /* ProvidersView.swift */ = {isa = PBXFileReference; lastKnownFileType = sourcecode.swift; path = ProvidersView.swift; sourceTree = "<group>"; };
		A20000000000000000000009 /* CustomersView.swift */ = {isa = PBXFileReference; lastKnownFileType = sourcecode.swift; path = CustomersView.swift; sourceTree = "<group>"; };
		A2000000000000000000000A /* ReportsView.swift */ = {isa = PBXFileReference; lastKnownFileType = sourcecode.swift; path = ReportsView.swift; sourceTree = "<group>"; };
		A2000000000000000000000B /* SettingsView.swift */ = {isa = PBXFileReference; lastKnownFileType = sourcecode.swift; path = SettingsView.swift; sourceTree = "<group>"; };
		A2000000000000000000000C /* ProductCard.swift */ = {isa = PBXFileReference; lastKnownFileType = sourcecode.swift; path = ProductCard.swift; sourceTree = "<group>"; };
		A2000000000000000000000D /* SaleItemRow.swift */ = {isa = PBXFileReference; lastKnownFileType = sourcecode.swift; path = SaleItemRow.swift; sourceTree = "<group>"; };
		A2000000000000000000000E /* StatCard.swift */ = {isa = PBXFileReference; lastKnownFileType = sourcecode.swift; path = StatCard.swift; sourceTree = "<group>"; };
		A2000000000000000000000F /* Product.swift */ = {isa = PBXFileReference; lastKnownFileType = sourcecode.swift; path = Product.swift; sourceTree = "<group>"; };
		A20000000000000000000010 /* Sale.swift */ = {isa = PBXFileReference; lastKnownFileType = sourcecode.swift; path = Sale.swift; sourceTree = "<group>"; };
		A20000000000000000000011 /* Purchase.swift */ = {isa = PBXFileReference; lastKnownFileType = sourcecode.swift; path = Purchase.swift; sourceTree = "<group>"; };
		A20000000000000000000012 /* Customer.swift */ = {isa = PBXFileReference; lastKnownFileType = sourcecode.swift; path = Customer.swift; sourceTree = "<group>"; };
		A20000000000000000000013 /* Provider.swift */ = {isa = PBXFileReference; lastKnownFileType = sourcecode.swift; path = Provider.swift; sourceTree = "<group>"; };
		A20000000000000000000014 /* InventoryMovement.swift */ = {isa = PBXFileReference; lastKnownFileType = sourcecode.swift; path = InventoryMovement.swift; sourceTree = "<group>"; };
		A20000000000000000000015 /* FirebaseService.swift */ = {isa = PBXFileReference; lastKnownFileType = sourcecode.swift; path = FirebaseService.swift; sourceTree = "<group>"; };
		A20000000000000000000016 /* LocalDatabase.swift */ = {isa = PBXFileReference; lastKnownFileType = sourcecode.swift; path = LocalDatabase.swift; sourceTree = "<group>"; };
		A20000000000000000000017 /* Constants.swift */ = {isa = PBXFileReference; lastKnownFileType = sourcecode.swift; path = Constants.swift; sourceTree = "<group>"; };
		A20000000000000000000018 /* Helpers.swift */ = {isa = PBXFileReference; lastKnownFileType = sourcecode.swift; path = Helpers.swift; sourceTree = "<group>"; };
		A20000000000000000000019 /* Assets.xcassets */ = {isa = PBXFileReference; lastKnownFileType = folder.assetcatalog; path = Assets.xcassets; sourceTree = "<group>"; };
		A2000000000000000000001A /* GoogleService-Info.plist */ = {isa = PBXFileReference; lastKnownFileType = text.plist.xml; path = GoogleService-Info.plist; sourceTree = "<group>"; };
		A2000000000000000000001B /* Info.plist */ = {isa = PBXFileReference; lastKnownFileType = text.plist.xml; path = Info.plist; sourceTree = "<group>"; };
		A2000000000000000000001D /* CashWithdrawal.swift */ = {isa = PBXFileReference; lastKnownFileType = sourcecode.swift; path = CashWithdrawal.swift; sourceTree = "<group>"; };
		A2000000000000000000001E /* Closing.swift */ = {isa = PBXFileReference; lastKnownFileType = sourcecode.swift; path = Closing.swift; sourceTree = "<group>"; };
		A2000000000000000000001F /* CustomerTransaction.swift */ = {isa = PBXFileReference; lastKnownFileType = sourcecode.swift; path = CustomerTransaction.swift; sourceTree = "<group>"; };
		A20000000000000000000020 /* Withdrawal.swift */ = {isa = PBXFileReference; lastKnownFileType = sourcecode.swift; path = Withdrawal.swift; sourceTree = "<group>"; };
		A20000000000000000000021 /* AppColors.swift */ = {isa = PBXFileReference; lastKnownFileType = sourcecode.swift; path = AppColors.swift; sourceTree = "<group>"; };
		A20000000000000000000022 /* AccountingView.swift */ = {isa = PBXFileReference; lastKnownFileType = sourcecode.swift; path = AccountingView.swift; sourceTree = "<group>"; };
		A20000000000000000000023 /* MovementsView.swift */ = {isa = PBXFileReference; lastKnownFileType = sourcecode.swift; path = MovementsView.swift; sourceTree = "<group>"; };
		A20000000000000000000024 /* ReturnsView.swift */ = {isa = PBXFileReference; lastKnownFileType = sourcecode.swift; path = ReturnsView.swift; sourceTree = "<group>"; };
		A20000000000000000000025 /* AnimatedBackground.swift */ = {isa = PBXFileReference; lastKnownFileType = sourcecode.swift; path = AnimatedBackground.swift; sourceTree = "<group>"; };
		A20000000000000000000026 /* BarcodeScannerView.swift */ = {isa = PBXFileReference; lastKnownFileType = sourcecode.swift; path = BarcodeScannerView.swift; sourceTree = "<group>"; };
		A20000000000000000000027 /* CashWithdrawalsView.swift */ = {isa = PBXFileReference; lastKnownFileType = sourcecode.swift; path = CashWithdrawalsView.swift; sourceTree = "<group>"; };
		A20000000000000000000028 /* OwnConsumptionsView.swift */ = {isa = PBXFileReference; lastKnownFileType = sourcecode.swift; path = OwnConsumptionsView.swift; sourceTree = "<group>"; };
		A2000000000000000000001C /* LaReserva.app */ = {isa = PBXFileReference; explicitFileType = wrapper.application; includeInIndex = 0; path = LaReserva.app; sourceTree = BUILT_PRODUCTS_DIR; };
		A20000000000000000000029 /* EditSaleView.swift */ = {isa = PBXFileReference; lastKnownFileType = sourcecode.swift; path = EditSaleView.swift; sourceTree = "<group>"; };
/* End PBXFileReference section */

/* Begin PBXFrameworksBuildPhase section */
		A30000000000000000000001 /* Frameworks */ = {
			isa = PBXFrameworksBuildPhase;
			buildActionMask = 2147483647;
			files = (
			);
			runOnlyForDeploymentPostprocessing = 0;
		};
/* End PBXFrameworksBuildPhase section */

/* Begin PBXGroup section */
		A40000000000000000000001 = {
			isa = PBXGroup;
			children = (
				A40000000000000000000002 /* LaReserva */,
				A40000000000000000000003 /* Products */,
			);
			sourceTree = "<group>";
		};
		A40000000000000000000002 /* LaReserva */ = {
			isa = PBXGroup;
			children = (
				A40000000000000000000004 /* Views */,
				A40000000000000000000005 /* Models */,
				A40000000000000000000006 /* Services */,
				A40000000000000000000007 /* Utils */,
				A20000000000000000000001 /* LaReservaApp.swift */,
				A20000000000000000000002 /* ContentView.swift */,
				A20000000000000000000019 /* Assets.xcassets */,
				A2000000000000000000001A /* GoogleService-Info.plist */,
				A2000000000000000000001B /* Info.plist */,
			);
			path = LaReserva;
			sourceTree = "<group>";
		};
		A40000000000000000000003 /* Products */ = {
			isa = PBXGroup;
			children = (
				A2000000000000000000001C /* LaReserva.app */,
			);
			name = Products;
			sourceTree = "<group>";
		};
		A40000000000000000000004 /* Views */ = {
			isa = PBXGroup;
			children = (
				A40000000000000000000008 /* Components */,
				A20000000000000000000003 /* HomeView.swift */,
				A20000000000000000000004 /* POSView.swift */,
				A20000000000000000000005 /* InventoryView.swift */,
				A20000000000000000000006 /* SalesHistoryView.swift */,
				A20000000000000000000029 /* EditSaleView.swift */,
				A20000000000000000000007 /* PurchasesView.swift */,
				A20000000000000000000008 /* ProvidersView.swift */,
				A20000000000000000000009 /* CustomersView.swift */,
				A2000000000000000000000A /* ReportsView.swift */,
				A2000000000000000000000B /* SettingsView.swift */,
				A20000000000000000000022 /* AccountingView.swift */,
				A20000000000000000000023 /* MovementsView.swift */,
				A20000000000000000000024 /* ReturnsView.swift */,
				A20000000000000000000027 /* CashWithdrawalsView.swift */,
				A20000000000000000000028 /* OwnConsumptionsView.swift */,
			);
			path = Views;
			sourceTree = "<group>";
		};
		A40000000000000000000005 /* Models */ = {
			isa = PBXGroup;
			children = (
				A2000000000000000000000F /* Product.swift */,
				A20000000000000000000010 /* Sale.swift */,
				A20000000000000000000011 /* Purchase.swift */,
				A20000000000000000000012 /* Customer.swift */,
				A20000000000000000000013 /* Provider.swift */,
				A20000000000000000000014 /* InventoryMovement.swift */,
				A2000000000000000000001D /* CashWithdrawal.swift */,
				A2000000000000000000001E /* Closing.swift */,
				A2000000000000000000001F /* CustomerTransaction.swift */,
				A20000000000000000000020 /* Withdrawal.swift */,
			);
			path = Models;
			sourceTree = "<group>";
		};
		A40000000000000000000006 /* Services */ = {
			isa = PBXGroup;
			children = (
				A20000000000000000000015 /* FirebaseService.swift */,
				A20000000000000000000016 /* LocalDatabase.swift */,
			);
			path = Services;
			sourceTree = "<group>";
		};
		A40000000000000000000007 /* Utils */ = {
			isa = PBXGroup;
			children = (
				A20000000000000000000017 /* Constants.swift */,
				A20000000000000000000018 /* Helpers.swift */,
				A20000000000000000000021 /* AppColors.swift */,
			);
			path = Utils;
			sourceTree = "<group>";
		};
		A40000000000000000000008 /* Components */ = {
			isa = PBXGroup;
			children = (
				A2000000000000000000000C /* ProductCard.swift */,
				A2000000000000000000000D /* SaleItemRow.swift */,
				A2000000000000000000000E /* StatCard.swift */,
				A20000000000000000000025 /* AnimatedBackground.swift */,
				A20000000000000000000026 /* BarcodeScannerView.swift */,
			);
			path = Components;
			sourceTree = "<group>";
		};
/* End PBXGroup section */

/* Begin PBXNativeTarget section */
		A50000000000000000000001 /* LaReserva */ = {
			isa = PBXNativeTarget;
			buildConfigurationList = A80000000000000000000002 /* Build configuration list for PBXNativeTarget "LaReserva" */;
			buildPhases = (
				A60000000000000000000001 /* Sources */,
				A30000000000000000000001 /* Frameworks */,
				A70000000000000000000001 /* Resources */,
			);
			buildRules = (
			);
			dependencies = (
			);
			name = LaReserva;
			productName = LaReserva;
			productReference = A2000000000000000000001C /* LaReserva.app */;
			productType = "com.apple.product-type.application";
		};
/* End PBXNativeTarget section */

/* Begin PBXProject section */
		A90000000000000000000001 /* Project object */ = {
			isa = PBXProject;
			attributes = {
				BuildIndependentTargetsInParallel = YES;
				LastSwiftUpdateCheck = 1520;
				LastUpgradeCheck = 1520;
				TargetAttributes = {
					A50000000000000000000001 = {
						CreatedOnToolsVersion = 15.2;
					};
				};
			};
			buildConfigurationList = A80000000000000000000001 /* Build configuration list for PBXProject "LaReserva" */;
			compatibilityVersion = "Xcode 14.0";
			developmentRegion = es-CO;
			hasScannedForEncodings = 0;
			knownRegions = (
				en,
				es,
				Base,
			);
			mainGroup = A40000000000000000000001;
			productRefGroup = A40000000000000000000003 /* Products */;
			projectDirPath = "";
			projectRoot = "";
			targets = (
				A50000000000000000000001 /* LaReserva */,
			);
		};
/* End PBXProject section */

/* Begin PBXResourcesBuildPhase section */
		A70000000000000000000001 /* Resources */ = {
			isa = PBXResourcesBuildPhase;
			buildActionMask = 2147483647;
			files = (
				A10000000000000000000019 /* Assets.xcassets in Resources */,
				A1000000000000000000001A /* GoogleService-Info.plist in Resources */,
			);
			runOnlyForDeploymentPostprocessing = 0;
		};
/* End PBXResourcesBuildPhase section */

/* Begin PBXSourcesBuildPhase section */
		A60000000000000000000001 /* Sources */ = {
			isa = PBXSourcesBuildPhase;
			buildActionMask = 2147483647;
			files = (
				A10000000000000000000001 /* LaReservaApp.swift in Sources */,
				A10000000000000000000002 /* ContentView.swift in Sources */,
				A10000000000000000000003 /* HomeView.swift in Sources */,
				A10000000000000000000004 /* POSView.swift in Sources */,
				A10000000000000000000005 /* InventoryView.swift in Sources */,
				A10000000000000000000006 /* SalesHistoryView.swift in Sources */,
				A10000000000000000000029 /* EditSaleView.swift in Sources */,
				A10000000000000000000007 /* PurchasesView.swift in Sources */,
				A10000000000000000000008 /* ProvidersView.swift in Sources */,
				A10000000000000000000009 /* CustomersView.swift in Sources */,
				A1000000000000000000000A /* ReportsView.swift in Sources */,
				A1000000000000000000000B /* SettingsView.swift in Sources */,
				A1000000000000000000000C /* ProductCard.swift in Sources */,
				A1000000000000000000000D /* SaleItemRow.swift in Sources */,
				A1000000000000000000000E /* StatCard.swift in Sources */,
				A1000000000000000000000F /* Product.swift in Sources */,
				A10000000000000000000010 /* Sale.swift in Sources */,
				A10000000000000000000011 /* Purchase.swift in Sources */,
				A10000000000000000000012 /* Customer.swift in Sources */,
				A10000000000000000000013 /* Provider.swift in Sources */,
				A10000000000000000000014 /* InventoryMovement.swift in Sources */,
				A10000000000000000000015 /* FirebaseService.swift in Sources */,
				A10000000000000000000016 /* LocalDatabase.swift in Sources */,
				A10000000000000000000017 /* Constants.swift in Sources */,
				A10000000000000000000018 /* Helpers.swift in Sources */,
				A1000000000000000000001D /* CashWithdrawal.swift in Sources */,
				A1000000000000000000001E /* Closing.swift in Sources */,
				A1000000000000000000001F /* CustomerTransaction.swift in Sources */,
				A10000000000000000000020 /* Withdrawal.swift in Sources */,
				A10000000000000000000021 /* AppColors.swift in Sources */,
				A10000000000000000000022 /* AccountingView.swift in Sources */,
				A10000000000000000000023 /* MovementsView.swift in Sources */,
				A10000000000000000000024 /* ReturnsView.swift in Sources */,
				A10000000000000000000025 /* AnimatedBackground.swift in Sources */,
				A10000000000000000000026 /* BarcodeScannerView.swift in Sources */,
				A10000000000000000000027 /* CashWithdrawalsView.swift in Sources */,
				A10000000000000000000028 /* OwnConsumptionsView.swift in Sources */,
			);
			runOnlyForDeploymentPostprocessing = 0;
		};
/* End PBXSourcesBuildPhase section */

/* Begin XCBuildConfiguration section */
		B00000000000000000000001 /* Debug */ = {
			isa = XCBuildConfiguration;
			buildSettings = {
				ALWAYS_SEARCH_USER_PATHS = NO;
				ASSETCATALOG_COMPILER_GENERATE_SWIFT_ASSET_SYMBOL_EXTENSIONS = YES;
				CLANG_ANALYZER_NONNULL = YES;
				CLANG_CXX_LANGUAGE_STANDARD = "gnu++20";
				CLANG_ENABLE_MODULES = YES;
				CLANG_ENABLE_OBJC_ARC = YES;
				CLANG_WARN_BLOCK_CAPTURE_AUTORELEASING = YES;
				CLANG_WARN_BOOL_CONVERSION = YES;
				CLANG_WARN_COMMA = YES;
				CLANG_WARN_CONSTANT_CONVERSION = YES;
				CLANG_WARN_DEPRECATED_OBJC_IMPLEMENTATIONS = YES;
				CLANG_WARN_DIRECT_OBJC_ISA_USAGE = YES_ERROR;
				CLANG_WARN_EMPTY_BODY = YES;
				CLANG_WARN_ENUM_CONVERSION = YES;
				CLANG_WARN_INFINITE_RECURSION = YES;
				CLANG_WARN_INT_CONVERSION = YES;
				CLANG_WARN_NON_LITERAL_NULL_CONVERSION = YES;
				CLANG_WARN_OBJC_IMPLICIT_RETAIN_SELF = YES;
				CLANG_WARN_OBJC_LITERAL_CONVERSION = YES;
				CLANG_WARN_OBJC_ROOT_CLASS = YES_ERROR;
				CLANG_WARN_QUOTED_INCLUDE_IN_FRAMEWORK_HEADER = YES;
				CLANG_WARN_RANGE_LOOP_ANALYSIS = YES;
				CLANG_WARN_STRICT_PROTOTYPES = YES;
				CLANG_WARN_SUSPICIOUS_MOVE = YES;
				CLANG_WARN_UNREACHABLE_CODE = YES;
				CLANG_WARN__DUPLICATE_METHOD_MATCH = YES;
				COPY_PHASE_STRIP = NO;
				DEBUG_INFORMATION_FORMAT = dwarf;
				ENABLE_STRICT_OBJC_MSGSEND = YES;
				ENABLE_TESTABILITY = YES;
				ENABLE_USER_SCRIPT_SANDBOXING = NO;
				GCC_C_LANGUAGE_STANDARD = gnu17;
				GCC_DYNAMIC_NO_PIC = NO;
				GCC_NO_COMMON_BLOCKS = YES;
				GCC_OPTIMIZATION_LEVEL = 0;
				GCC_PREPROCESSOR_DEFINITIONS = (
					"DEBUG=1",
					"$(inherited)",
				);
				GCC_WARN_64_TO_32_BIT_CONVERSION = YES;
				GCC_WARN_ABOUT_RETURN_TYPE = YES_ERROR;
				GCC_WARN_UNDECLARED_SELECTOR = YES;
				GCC_WARN_UNINITIALIZED_AUTOS = YES_AGGRESSIVE;
				GCC_WARN_UNUSED_FUNCTION = YES;
				GCC_WARN_UNUSED_VARIABLE = YES;
				IPHONEOS_DEPLOYMENT_TARGET = 16.0;
				LOCALIZATION_PREFERS_STRING_CATALOGS = YES;
				MTL_ENABLE_DEBUG_INFO = INCLUDE_SOURCE;
				MTL_FAST_MATH = YES;
				ONLY_ACTIVE_ARCH = YES;
				SDKROOT = iphoneos;
				SWIFT_ACTIVE_COMPILATION_CONDITIONS = DEBUG;
				SWIFT_OPTIMIZATION_LEVEL = "-Onone";
			};
			name = Debug;
		};
		B00000000000000000000002 /* Release */ = {
			isa = XCBuildConfiguration;
			buildSettings = {
				ALWAYS_SEARCH_USER_PATHS = NO;
				ASSETCATALOG_COMPILER_GENERATE_SWIFT_ASSET_SYMBOL_EXTENSIONS = YES;
				CLANG_ANALYZER_NONNULL = YES;
				CLANG_CXX_LANGUAGE_STANDARD = "gnu++20";
				CLANG_ENABLE_MODULES = YES;
				CLANG_ENABLE_OBJC_ARC = YES;
				CLANG_WARN_BLOCK_CAPTURE_AUTORELEASING = YES;
				CLANG_WARN_BOOL_CONVERSION = YES;
				CLANG_WARN_COMMA = YES;
				CLANG_WARN_CONSTANT_CONVERSION = YES;
				CLANG_WARN_DEPRECATED_OBJC_IMPLEMENTATIONS = YES;
				CLANG_WARN_DIRECT_OBJC_ISA_USAGE = YES_ERROR;
				CLANG_WARN_EMPTY_BODY = YES;
				CLANG_WARN_ENUM_CONVERSION = YES;
				CLANG_WARN_INFINITE_RECURSION = YES;
				CLANG_WARN_INT_CONVERSION = YES;
				CLANG_WARN_NON_LITERAL_NULL_CONVERSION = YES;
				CLANG_WARN_OBJC_IMPLICIT_RETAIN_SELF = YES;
				CLANG_WARN_OBJC_LITERAL_CONVERSION = YES;
				CLANG_WARN_OBJC_ROOT_CLASS = YES_ERROR;
				CLANG_WARN_QUOTED_INCLUDE_IN_FRAMEWORK_HEADER = YES;
				CLANG_WARN_RANGE_LOOP_ANALYSIS = YES;
				CLANG_WARN_STRICT_PROTOTYPES = YES;
				CLANG_WARN_SUSPICIOUS_MOVE = YES;
				CLANG_WARN_UNREACHABLE_CODE = YES;
				CLANG_WARN__DUPLICATE_METHOD_MATCH = YES;
				COPY_PHASE_STRIP = NO;
				DEBUG_INFORMATION_FORMAT = "dwarf-with-dsym";
				ENABLE_NS_ASSERTIONS = NO;
				ENABLE_STRICT_OBJC_MSGSEND = YES;
				ENABLE_USER_SCRIPT_SANDBOXING = NO;
				GCC_C_LANGUAGE_STANDARD = gnu17;
				GCC_NO_COMMON_BLOCKS = YES;
				GCC_WARN_64_TO_32_BIT_CONVERSION = YES;
				GCC_WARN_ABOUT_RETURN_TYPE = YES_ERROR;
				GCC_WARN_UNDECLARED_SELECTOR = YES;
				GCC_WARN_UNINITIALIZED_AUTOS = YES_AGGRESSIVE;
				GCC_WARN_UNUSED_FUNCTION = YES;
				GCC_WARN_UNUSED_VARIABLE = YES;
				IPHONEOS_DEPLOYMENT_TARGET = 16.0;
				LOCALIZATION_PREFERS_STRING_CATALOGS = YES;
				MTL_ENABLE_DEBUG_INFO = NO;
				MTL_FAST_MATH = YES;
				SDKROOT = iphoneos;
				SWIFT_COMPILATION_MODE = wholemodule;
				SWIFT_OPTIMIZATION_LEVEL = "-O";
				VALIDATE_PRODUCT = YES;
			};
			name = Release;
		};
		B00000000000000000000003 /* Debug */ = {
			isa = XCBuildConfiguration;
			buildSettings = {
				ASSETCATALOG_COMPILER_APPICON_NAME = AppIcon;
				ASSETCATALOG_COMPILER_GLOBAL_ACCENT_COLOR_NAME = AccentColor;
				CODE_SIGN_STYLE = Automatic;
				CURRENT_PROJECT_VERSION = 23;
				GENERATE_INFOPLIST_FILE = NO;
				INFOPLIST_FILE = LaReserva/Info.plist;
				INFOPLIST_KEY_CFBundleDisplayName = "La Reserva";
				INFOPLIST_KEY_LSApplicationCategoryType = "public.app-category.medical";
				INFOPLIST_KEY_UIApplicationSceneManifest_Generation = YES;
				INFOPLIST_KEY_UIApplicationSupportsIndirectInputEvents = YES;
				INFOPLIST_KEY_UILaunchScreen_Generation = YES;
				INFOPLIST_KEY_UISupportedInterfaceOrientations_iPad = "UIInterfaceOrientationPortrait UIInterfaceOrientationPortraitUpsideDown UIInterfaceOrientationLandscapeLeft UIInterfaceOrientationLandscapeRight";
				INFOPLIST_KEY_UISupportedInterfaceOrientations_iPhone = "UIInterfaceOrientationPortrait UIInterfaceOrientationLandscapeLeft UIInterfaceOrientationLandscapeRight";
				LD_RUNPATH_SEARCH_PATHS = (
					"$(inherited)",
					"@executable_path/Frameworks",
				);
				MARKETING_VERSION = 8.7.1;
				PRODUCT_BUNDLE_IDENTIFIER = com.droguerialareserva.mobile;
				PRODUCT_NAME = LaReserva;
				SWIFT_EMIT_LOC_STRINGS = YES;
				SWIFT_VERSION = 5.0;
				TARGETED_DEVICE_FAMILY = "1,2";
			};
			name = Debug;
		};
		B00000000000000000000004 /* Release */ = {
			isa = XCBuildConfiguration;
			buildSettings = {
				ASSETCATALOG_COMPILER_APPICON_NAME = AppIcon;
				ASSETCATALOG_COMPILER_GLOBAL_ACCENT_COLOR_NAME = AccentColor;
				CODE_SIGN_STYLE = Automatic;
				CURRENT_PROJECT_VERSION = 23;
				GENERATE_INFOPLIST_FILE = NO;
				INFOPLIST_FILE = LaReserva/Info.plist;
				INFOPLIST_KEY_CFBundleDisplayName = "La Reserva";
				INFOPLIST_KEY_LSApplicationCategoryType = "public.app-category.medical";
				INFOPLIST_KEY_UIApplicationSceneManifest_Generation = YES;
				INFOPLIST_KEY_UIApplicationSupportsIndirectInputEvents = YES;
				INFOPLIST_KEY_UILaunchScreen_Generation = YES;
				INFOPLIST_KEY_UISupportedInterfaceOrientations_iPad = "UIInterfaceOrientationPortrait UIInterfaceOrientationPortraitUpsideDown UIInterfaceOrientationLandscapeLeft UIInterfaceOrientationLandscapeRight";
				INFOPLIST_KEY_UISupportedInterfaceOrientations_iPhone = "UIInterfaceOrientationPortrait UIInterfaceOrientationLandscapeLeft UIInterfaceOrientationLandscapeRight";
				LD_RUNPATH_SEARCH_PATHS = (
					"$(inherited)",
					"@executable_path/Frameworks",
				);
				MARKETING_VERSION = 8.7.1;
				PRODUCT_BUNDLE_IDENTIFIER = com.droguerialareserva.mobile;
				PRODUCT_NAME = LaReserva;
				SWIFT_EMIT_LOC_STRINGS = YES;
				SWIFT_VERSION = 5.0;
				TARGETED_DEVICE_FAMILY = "1,2";
			};
			name = Release;
		};
/* End XCBuildConfiguration section */

/* Begin XCConfigurationList section */
		A80000000000000000000001 /* Build configuration list for PBXProject "LaReserva" */ = {
			isa = XCConfigurationList;
			buildConfigurations = (
				B00000000000000000000001 /* Debug */,
				B00000000000000000000002 /* Release */,
			);
			defaultConfigurationIsVisible = 0;
			defaultConfigurationName = Release;
		};
		A80000000000000000000002 /* Build configuration list for PBXNativeTarget "LaReserva" */ = {
			isa = XCConfigurationList;
			buildConfigurations = (
				B00000000000000000000003 /* Debug */,
				B00000000000000000000004 /* Release */,
			);
			defaultConfigurationIsVisible = 0;
			defaultConfigurationName = Release;
		};
/* End XCConfigurationList section */
	};
	rootObject = A90000000000000000000001 /* Project object */;
}
